
Microsoft Visual Studio Solution File, Format Version 12.00
# Visual Studio Version 17
VisualStudioVersion = 17.9.34607.119
MinimumVisualStudioVersion = 10.0.40219.1
Project("{FAE04EC0-301F-11D3-BF4B-00C04F79EFBC}") = "PracticaNavegacion", "PracticaNavegacion\PracticaNavegacion.csproj", "{7FEB56C0-407C-4AA4-AF42-39F3731BB619}"
EndProject
Global
	GlobalSection(SolutionConfigurationPlatforms) = preSolution
		Debug|Any CPU = Debug|Any CPU
		Release|Any CPU = Release|Any CPU
	EndGlobalSection
	GlobalSection(ProjectConfigurationPlatforms) = postSolution
		{7FEB56C0-407C-4AA4-AF42-39F3731BB619}.Debug|Any CPU.ActiveCfg = Debug|Any CPU
		{7FEB56C0-407C-4AA4-AF42-39F3731BB619}.Debug|Any CPU.Build.0 = Debug|Any CPU
		{7FEB56C0-407C-4AA4-AF42-39F3731BB619}.Debug|Any CPU.Deploy.0 = Debug|Any CPU
		{7FEB56C0-407C-4AA4-AF42-39F3731BB619}.Release|Any CPU.ActiveCfg = Release|Any CPU
		{7FEB56C0-407C-4AA4-AF42-39F3731BB619}.Release|Any CPU.Build.0 = Release|Any CPU
		{7FEB56C0-407C-4AA4-AF42-39F3731BB619}.Release|Any CPU.Deploy.0 = Release|Any CPU
	EndGlobalSection
	GlobalSection(SolutionProperties) = preSolution
		HideSolutionNode = FALSE
	EndGlobalSection
	GlobalSection(ExtensibilityGlobals) = postSolution
		SolutionGuid = {70C2EAA1-2B80-4FE8-9761-2A2977C85B36}
	EndGlobalSection
EndGlobal
